{
  "nodes": {
    "flake-utils": {
      "locked": {
        "lastModified": 1634851050,
        "narHash": "sha256-N83GlSGPJJdcqhUxSCS/WwW5pksYf3VP1M13cDRTSVA=",
        "owner": "numtide",
        "repo": "flake-utils",
        "rev": "c91f3de5adaf1de973b797ef7485e441a65b8935",
        "type": "github"
      },
      "original": {
        "owner": "numtide",
        "repo": "flake-utils",
        "type": "github"
      }
    },
    "flake-utils-plus": {
      "inputs": {
        "flake-utils": "flake-utils"
      },
      "locked": {
        "lastModified": 1637587984,
        "narHash": "sha256-s3KEUO1DwCrnCfNxdj9HYwrgLYxZkoPKi4w6qa2ikCg=",
        "owner": "gytis-ivaskevicius",
        "repo": "flake-utils-plus",
        "rev": "1eb995f9885a056a70f2e82738ae29e726e6d43a",
        "type": "github"
      },
      "original": {
        "owner": "gytis-ivaskevicius",
        "repo": "flake-utils-plus",
        "type": "github"
      }
    },
    "nixpkgs": {
      "locked": {
        "lastModified": 1637595801,
        "narHash": "sha256-LkIMwVFKCuEqidaUdg8uxwpESAXjsPo4oCz3eJ7RaRw=",
        "owner": "nixos",
        "repo": "nixpkgs",
        "rev": "263ef4cc4146c9fab808085487438c625d4426a9",
        "type": "github"
      },
      "original": {
        "owner": "nixos",
        "ref": "nixos-unstable",
        "repo": "nixpkgs",
        "type": "github"
      }
    },
    "root": {
      "inputs": {
        "flake-utils-plus": "flake-utils-plus",
        "nixpkgs": "nixpkgs"
      }
    }
  },
  "root": "root",
  "version": 7
}
